
Microsoft Visual Studio Solution File, Format Version 12.00
# Visual Studio Version 16
VisualStudioVersion = 16.0.31402.337
MinimumVisualStudioVersion = 10.0.40219.1
Project("{FAE04EC0-301F-11D3-BF4B-00C04F79EFBC}") = "UPS_EmployeeDetails", "UPS_EmployeeDetails\UPS_EmployeeDetails.csproj", "{A5B7C251-5C25-4A55-92E4-A009DE116972}"
EndProject
Global
	GlobalSection(SolutionConfigurationPlatforms) = preSolution
		Debug|Any CPU = Debug|Any CPU
		Release|Any CPU = Release|Any CPU
	EndGlobalSection
	GlobalSection(ProjectConfigurationPlatforms) = postSolution
		{A5B7C251-5C25-4A55-92E4-A009DE116972}.Debug|Any CPU.ActiveCfg = Debug|Any CPU
		{A5B7C251-5C25-4A55-92E4-A009DE116972}.Debug|Any CPU.Build.0 = Debug|Any CPU
		{A5B7C251-5C25-4A55-92E4-A009DE116972}.Release|Any CPU.ActiveCfg = Release|Any CPU
		{A5B7C251-5C25-4A55-92E4-A009DE116972}.Release|Any CPU.Build.0 = Release|Any CPU
	EndGlobalSection
	GlobalSection(SolutionProperties) = preSolution
		HideSolutionNode = FALSE
	EndGlobalSection
	GlobalSection(ExtensibilityGlobals) = postSolution
		SolutionGuid = {E80A5872-DA1C-4893-9CEB-A6610A2C52B0}
	EndGlobalSection
EndGlobal
